
Microsoft Visual Studio Solution File, Format Version 12.00
# Visual Studio Version 17
VisualStudioVersion = 17.14.36518.9 d17.14
MinimumVisualStudioVersion = 10.0.40219.1
Project("{FAE04EC0-301F-11D3-BF4B-00C04F79EFBC}") = "day_08", "day_08.csproj", "{89AEC4F0-243F-4AE6-8524-469C3331739D}"
EndProject
Global
	GlobalSection(SolutionConfigurationPlatforms) = preSolution
		Debug|Any CPU = Debug|Any CPU
		Release|Any CPU = Release|Any CPU
	EndGlobalSection
	GlobalSection(ProjectConfigurationPlatforms) = postSolution
		{89AEC4F0-243F-4AE6-8524-469C3331739D}.Debug|Any CPU.ActiveCfg = Debug|Any CPU
		{89AEC4F0-243F-4AE6-8524-469C3331739D}.Debug|Any CPU.Build.0 = Debug|Any CPU
		{89AEC4F0-243F-4AE6-8524-469C3331739D}.Release|Any CPU.ActiveCfg = Release|Any CPU
		{89AEC4F0-243F-4AE6-8524-469C3331739D}.Release|Any CPU.Build.0 = Release|Any CPU
	EndGlobalSection
	GlobalSection(SolutionProperties) = preSolution
		HideSolutionNode = FALSE
	EndGlobalSection
	GlobalSection(ExtensibilityGlobals) = postSolution
		SolutionGuid = {17AACAD8-3D7C-4DA2-AE72-CB237AB051AA}
	EndGlobalSection
EndGlobal
